{
  "name": "hexo_blog_genrater",
  "version": "1.0.0",
  "lockfileVersion": 3,
  "requires": true,
  "packages": {
    "": {
      "name": "hexo_blog_genrater",
      "version": "1.0.0",
      "license": "ISC",
      "dependencies": {
        "hexo_blog_genrater": "^1.0.0"
      }
    },
    "node_modules/hexo_blog_genrater": {
      "version": "1.0.0",
      "resolved": "https://registry.npmjs.org/hexo_blog_genrater/-/hexo_blog_genrater-1.0.0.tgz",
      "integrity": "sha512-rsQA7sKGo8vtJrE+X4Gd7KnTE68H++h41ayyqvl+EvfbNFotcdhhBqrE/us81PcLrdM2Lbe7OQr+6gfZWQFZhQ=="
    }
  }
}
